{
  "lockfileVersion": 1,
  "configVersion": 1,
  "workspaces": {
    "": {
      "name": "@petadata/parser",
      "dependencies": {
        "csv-parse": "^6.2.1",
      },
    },
  },
  "packages": {
    "csv-parse": ["csv-parse@6.2.1", "", {}, "sha512-LRLMV+UCyfMokp8Wb411duBf1gaBKJfOfBWU9eHMJ+b+cJYZsNu3AFmjJf3+yPGd59Exz1TsMjaSFyxnYB9+IQ=="],
  }
}
